// !$*UTF8*$!
{
	archiveVersion = 1;
	classes = {
	};
	objectVersion = 50;
	objects = {

/* Begin PBXBuildFile section */
		66CAA4B32246298F00F2272B /* main.cpp in Sources */ = {isa = PBXBuildFile; fileRef = 66CAA4B22246298F00F2272B /* main.cpp */; };
		66CAA4BB22462AC100F2272B /* iteratorer.cpp in Sources */ = {isa = PBXBuildFile; fileRef = 66CAA4B922462AC100F2272B /* iteratorer.cpp */; };
		66CAA4BE2248D66600F2272B /* Person.cpp in Sources */ = {isa = PBXBuildFile; fileRef = 66CAA4BC2248D66600F2272B /* Person.cpp */; };
		66CAA4C1224937F700F2272B /* LinkedList.cpp in Sources */ = {isa = PBXBuildFile; fileRef = 66CAA4BF224937F700F2272B /* LinkedList.cpp */; };
/* End PBXBuildFile section */

/* Begin PBXCopyFilesBuildPhase section */
		66CAA4AD2246298F00F2272B /* CopyFiles */ = {
			isa = PBXCopyFilesBuildPhase;
			buildActionMask = 2147483647;
			dstPath = /usr/share/man/man1/;
			dstSubfolderSpec = 0;
			files = (
			);
			runOnlyForDeploymentPostprocessing = 1;
		};
/* End PBXCopyFilesBuildPhase section */

/* Begin PBXFileReference section */
		66CAA4AF2246298F00F2272B /* oving11 */ = {isa = PBXFileReference; explicitFileType = "compiled.mach-o.executable"; includeInIndex = 0; path = oving11; sourceTree = BUILT_PRODUCTS_DIR; };
		66CAA4B22246298F00F2272B /* main.cpp */ = {isa = PBXFileReference; lastKnownFileType = sourcecode.cpp.cpp; path = main.cpp; sourceTree = "<group>"; };
		66CAA4B922462AC100F2272B /* iteratorer.cpp */ = {isa = PBXFileReference; lastKnownFileType = sourcecode.cpp.cpp; path = iteratorer.cpp; sourceTree = "<group>"; };
		66CAA4BA22462AC100F2272B /* iteratorer.hpp */ = {isa = PBXFileReference; lastKnownFileType = sourcecode.cpp.h; path = iteratorer.hpp; sourceTree = "<group>"; };
		66CAA4BC2248D66600F2272B /* Person.cpp */ = {isa = PBXFileReference; lastKnownFileType = sourcecode.cpp.cpp; path = Person.cpp; sourceTree = "<group>"; };
		66CAA4BD2248D66600F2272B /* Person.hpp */ = {isa = PBXFileReference; lastKnownFileType = sourcecode.cpp.h; path = Person.hpp; sourceTree = "<group>"; };
		66CAA4BF224937F700F2272B /* LinkedList.cpp */ = {isa = PBXFileReference; lastKnownFileType = sourcecode.cpp.cpp; path = LinkedList.cpp; sourceTree = "<group>"; };
		66CAA4C0224937F700F2272B /* LinkedList.hpp */ = {isa = PBXFileReference; lastKnownFileType = sourcecode.cpp.h; path = LinkedList.hpp; sourceTree = "<group>"; };
		66CAA4C3224AA0A100F2272B /* Templates.hpp */ = {isa = PBXFileReference; lastKnownFileType = sourcecode.cpp.h; path = Templates.hpp; sourceTree = "<group>"; };
		66CAA4C6224AA80500F2272B /* LLwithTemplates.hpp */ = {isa = PBXFileReference; lastKnownFileType = sourcecode.cpp.h; path = LLwithTemplates.hpp; sourceTree = "<group>"; };
/* End PBXFileReference section */

/* Begin PBXFrameworksBuildPhase section */
		66CAA4AC2246298F00F2272B /* Frameworks */ = {
			isa = PBXFrameworksBuildPhase;
			buildActionMask = 2147483647;
			files = (
			);
			runOnlyForDeploymentPostprocessing = 0;
		};
/* End PBXFrameworksBuildPhase section */

/* Begin PBXGroup section */
		66CAA4A62246298F00F2272B = {
			isa = PBXGroup;
			children = (
				66CAA4B12246298F00F2272B /* oving11 */,
				66CAA4B02246298F00F2272B /* Products */,
			);
			sourceTree = "<group>";
		};
		66CAA4B02246298F00F2272B /* Products */ = {
			isa = PBXGroup;
			children = (
				66CAA4AF2246298F00F2272B /* oving11 */,
			);
			name = Products;
			sourceTree = "<group>";
		};
		66CAA4B12246298F00F2272B /* oving11 */ = {
			isa = PBXGroup;
			children = (
				66CAA4B22246298F00F2272B /* main.cpp */,
				66CAA4BC2248D66600F2272B /* Person.cpp */,
				66CAA4BD2248D66600F2272B /* Person.hpp */,
				66CAA4C0224937F700F2272B /* LinkedList.hpp */,
				66CAA4BF224937F700F2272B /* LinkedList.cpp */,
				66CAA4C3224AA0A100F2272B /* Templates.hpp */,
				66CAA4C6224AA80500F2272B /* LLwithTemplates.hpp */,
				66CAA4B922462AC100F2272B /* iteratorer.cpp */,
				66CAA4BA22462AC100F2272B /* iteratorer.hpp */,
			);
			path = oving11;
			sourceTree = "<group>";
		};
/* End PBXGroup section */

/* Begin PBXNativeTarget section */
		66CAA4AE2246298F00F2272B /* oving11 */ = {
			isa = PBXNativeTarget;
			buildConfigurationList = 66CAA4B62246298F00F2272B /* Build configuration list for PBXNativeTarget "oving11" */;
			buildPhases = (
				66CAA4AB2246298F00F2272B /* Sources */,
				66CAA4AC2246298F00F2272B /* Frameworks */,
				66CAA4AD2246298F00F2272B /* CopyFiles */,
			);
			buildRules = (
			);
			dependencies = (
			);
			name = oving11;
			productName = oving11;
			productReference = 66CAA4AF2246298F00F2272B /* oving11 */;
			productType = "com.apple.product-type.tool";
		};
/* End PBXNativeTarget section */

/* Begin PBXProject section */
		66CAA4A72246298F00F2272B /* Project object */ = {
			isa = PBXProject;
			attributes = {
				LastUpgradeCheck = 1010;
				ORGANIZATIONNAME = "Silje Anfindsen";
				TargetAttributes = {
					66CAA4AE2246298F00F2272B = {
						CreatedOnToolsVersion = 10.1;
					};
				};
			};
			buildConfigurationList = 66CAA4AA2246298F00F2272B /* Build configuration list for PBXProject "oving11" */;
			compatibilityVersion = "Xcode 9.3";
			developmentRegion = en;
			hasScannedForEncodings = 0;
			knownRegions = (
				en,
			);
			mainGroup = 66CAA4A62246298F00F2272B;
			productRefGroup = 66CAA4B02246298F00F2272B /* Products */;
			projectDirPath = "";
			projectRoot = "";
			targets = (
				66CAA4AE2246298F00F2272B /* oving11 */,
			);
		};
/* End PBXProject section */

/* Begin PBXSourcesBuildPhase section */
		66CAA4AB2246298F00F2272B /* Sources */ = {
			isa = PBXSourcesBuildPhase;
			buildActionMask = 2147483647;
			files = (
				66CAA4BB22462AC100F2272B /* iteratorer.cpp in Sources */,
				66CAA4BE2248D66600F2272B /* Person.cpp in Sources */,
				66CAA4C1224937F700F2272B /* LinkedList.cpp in Sources */,
				66CAA4B32246298F00F2272B /* main.cpp in Sources */,
			);
			runOnlyForDeploymentPostprocessing = 0;
		};
/* End PBXSourcesBuildPhase section */

/* Begin XCBuildConfiguration section */
		66CAA4B42246298F00F2272B /* Debug */ = {
			isa = XCBuildConfiguration;
			buildSettings = {
				ALWAYS_SEARCH_USER_PATHS = NO;
				CLANG_ANALYZER_NONNULL = YES;
				CLANG_ANALYZER_NUMBER_OBJECT_CONVERSION = YES_AGGRESSIVE;
				CLANG_CXX_LANGUAGE_STANDARD = "gnu++14";
				CLANG_CXX_LIBRARY = "libc++";
				CLANG_ENABLE_MODULES = YES;
				CLANG_ENABLE_OBJC_ARC = YES;
				CLANG_ENABLE_OBJC_WEAK = YES;
				CLANG_WARN_BLOCK_CAPTURE_AUTORELEASING = YES;
				CLANG_WARN_BOOL_CONVERSION = YES;
				CLANG_WARN_COMMA = YES;
				CLANG_WARN_CONSTANT_CONVERSION = YES;
				CLANG_WARN_DEPRECATED_OBJC_IMPLEMENTATIONS = YES;
				CLANG_WARN_DIRECT_OBJC_ISA_USAGE = YES_ERROR;
				CLANG_WARN_DOCUMENTATION_COMMENTS = YES;
				CLANG_WARN_EMPTY_BODY = YES;
				CLANG_WARN_ENUM_CONVERSION = YES;
				CLANG_WARN_INFINITE_RECURSION = YES;
				CLANG_WARN_INT_CONVERSION = YES;
				CLANG_WARN_NON_LITERAL_NULL_CONVERSION = YES;
				CLANG_WARN_OBJC_IMPLICIT_RETAIN_SELF = YES;
				CLANG_WARN_OBJC_LITERAL_CONVERSION = YES;
				CLANG_WARN_OBJC_ROOT_CLASS = YES_ERROR;
				CLANG_WARN_RANGE_LOOP_ANALYSIS = YES;
				CLANG_WARN_STRICT_PROTOTYPES = YES;
				CLANG_WARN_SUSPICIOUS_MOVE = YES;
				CLANG_WARN_UNGUARDED_AVAILABILITY = YES_AGGRESSIVE;
				CLANG_WARN_UNREACHABLE_CODE = YES;
				CLANG_WARN__DUPLICATE_METHOD_MATCH = YES;
				CODE_SIGN_IDENTITY = "-";
				COPY_PHASE_STRIP = NO;
				DEBUG_INFORMATION_FORMAT = dwarf;
				ENABLE_STRICT_OBJC_MSGSEND = YES;
				ENABLE_TESTABILITY = YES;
				GCC_C_LANGUAGE_STANDARD = gnu11;
				GCC_DYNAMIC_NO_PIC = NO;
				GCC_NO_COMMON_BLOCKS = YES;
				GCC_OPTIMIZATION_LEVEL = 0;
				GCC_PREPROCESSOR_DEFINITIONS = (
					"DEBUG=1",
					"$(inherited)",
				);
				GCC_WARN_64_TO_32_BIT_CONVERSION = YES;
				GCC_WARN_ABOUT_RETURN_TYPE = YES_ERROR;
				GCC_WARN_UNDECLARED_SELECTOR = YES;
				GCC_WARN_UNINITIALIZED_AUTOS = YES_AGGRESSIVE;
				GCC_WARN_UNUSED_FUNCTION = YES;
				GCC_WARN_UNUSED_VARIABLE = YES;
				MACOSX_DEPLOYMENT_TARGET = 10.14;
				MTL_ENABLE_DEBUG_INFO = INCLUDE_SOURCE;
				MTL_FAST_MATH = YES;
				ONLY_ACTIVE_ARCH = YES;
				SDKROOT = macosx;
			};
			name = Debug;
		};
		66CAA4B52246298F00F2272B /* Release */ = {
			isa = XCBuildConfiguration;
			buildSettings = {
				ALWAYS_SEARCH_USER_PATHS = NO;
				CLANG_ANALYZER_NONNULL = YES;
				CLANG_ANALYZER_NUMBER_OBJECT_CONVERSION = YES_AGGRESSIVE;
				CLANG_CXX_LANGUAGE_STANDARD = "gnu++14";
				CLANG_CXX_LIBRARY = "libc++";
				CLANG_ENABLE_MODULES = YES;
				CLANG_ENABLE_OBJC_ARC = YES;
				CLANG_ENABLE_OBJC_WEAK = YES;
				CLANG_WARN_BLOCK_CAPTURE_AUTORELEASING = YES;
				CLANG_WARN_BOOL_CONVERSION = YES;
				CLANG_WARN_COMMA = YES;
				CLANG_WARN_CONSTANT_CONVERSION = YES;
				CLANG_WARN_DEPRECATED_OBJC_IMPLEMENTATIONS = YES;
				CLANG_WARN_DIRECT_OBJC_ISA_USAGE = YES_ERROR;
				CLANG_WARN_DOCUMENTATION_COMMENTS = YES;
				CLANG_WARN_EMPTY_BODY = YES;
				CLANG_WARN_ENUM_CONVERSION = YES;
				CLANG_WARN_INFINITE_RECURSION = YES;
				CLANG_WARN_INT_CONVERSION = YES;
				CLANG_WARN_NON_LITERAL_NULL_CONVERSION = YES;
				CLANG_WARN_OBJC_IMPLICIT_RETAIN_SELF = YES;
				CLANG_WARN_OBJC_LITERAL_CONVERSION = YES;
				CLANG_WARN_OBJC_ROOT_CLASS = YES_ERROR;
				CLANG_WARN_RANGE_LOOP_ANALYSIS = YES;
				CLANG_WARN_STRICT_PROTOTYPES = YES;
				CLANG_WARN_SUSPICIOUS_MOVE = YES;
				CLANG_WARN_UNGUARDED_AVAILABILITY = YES_AGGRESSIVE;
				CLANG_WARN_UNREACHABLE_CODE = YES;
				CLANG_WARN__DUPLICATE_METHOD_MATCH = YES;
				CODE_SIGN_IDENTITY = "-";
				COPY_PHASE_STRIP = NO;
				DEBUG_INFORMATION_FORMAT = "dwarf-with-dsym";
				ENABLE_NS_ASSERTIONS = NO;
				ENABLE_STRICT_OBJC_MSGSEND = YES;
				GCC_C_LANGUAGE_STANDARD = gnu11;
				GCC_NO_COMMON_BLOCKS = YES;
				GCC_WARN_64_TO_32_BIT_CONVERSION = YES;
				GCC_WARN_ABOUT_RETURN_TYPE = YES_ERROR;
				GCC_WARN_UNDECLARED_SELECTOR = YES;
				GCC_WARN_UNINITIALIZED_AUTOS = YES_AGGRESSIVE;
				GCC_WARN_UNUSED_FUNCTION = YES;
				GCC_WARN_UNUSED_VARIABLE = YES;
				MACOSX_DEPLOYMENT_TARGET = 10.14;
				MTL_ENABLE_DEBUG_INFO = NO;
				MTL_FAST_MATH = YES;
				SDKROOT = macosx;
			};
			name = Release;
		};
		66CAA4B72246298F00F2272B /* Debug */ = {
			isa = XCBuildConfiguration;
			buildSettings = {
				CODE_SIGN_STYLE = Automatic;
				PRODUCT_NAME = "$(TARGET_NAME)";
			};
			name = Debug;
		};
		66CAA4B82246298F00F2272B /* Release */ = {
			isa = XCBuildConfiguration;
			buildSettings = {
				CODE_SIGN_STYLE = Automatic;
				PRODUCT_NAME = "$(TARGET_NAME)";
			};
			name = Release;
		};
/* End XCBuildConfiguration section */

/* Begin XCConfigurationList section */
		66CAA4AA2246298F00F2272B /* Build configuration list for PBXProject "oving11" */ = {
			isa = XCConfigurationList;
			buildConfigurations = (
				66CAA4B42246298F00F2272B /* Debug */,
				66CAA4B52246298F00F2272B /* Release */,
			);
			defaultConfigurationIsVisible = 0;
			defaultConfigurationName = Release;
		};
		66CAA4B62246298F00F2272B /* Build configuration list for PBXNativeTarget "oving11" */ = {
			isa = XCConfigurationList;
			buildConfigurations = (
				66CAA4B72246298F00F2272B /* Debug */,
				66CAA4B82246298F00F2272B /* Release */,
			);
			defaultConfigurationIsVisible = 0;
			defaultConfigurationName = Release;
		};
/* End XCConfigurationList section */
	};
	rootObject = 66CAA4A72246298F00F2272B /* Project object */;
}
